{
    "_meta": {
        "hash": {
            "sha256": "0738ad905121c9aaab169adf31af387e73bfbaafdda3311644c4a68defe210fd"
        },
        "pipfile-spec": 6,
        "requires": {
            "python_version": "3.7"
        },
        "sources": [
            {
                "name": "pypi",
                "url": "https://pypi.org/simple",
                "verify_ssl": true
            }
        ]
    },
    "default": {
        "base58": {
            "hashes": [
                "sha256:93fa54b615a7c406701a56e3d11c3a5defdbcd371f36c0452f1ac77623e42d16",
                "sha256:c5fe8b00fab798b4a3393da6235bdecb143db505833e3f979890f7c6fc99f651"
            ],
            "index": "pypi",
            "version": "==1.0"
        },
        "cytoolz": {
            "hashes": [
                "sha256:84cc06fa40aa310f2df79dd440fc5f84c3e20f01f9f7783fc9c38d0a11ba00e5"
            ],
            "markers": "implementation_name == 'cpython'",
            "version": "==0.9.0.1"
        },
        "eth-hash": {
            "hashes": [
                "sha256:30536f6057128c9130598103fb574a6a3d75d482bda0b13c5488f2f68d9a1423",
                "sha256:42e6604e879b998002c915c1061ab317927329d7f47d3cbb80b83132dc7b58a4"
            ],
            "markers": "python_version < '4' and python_version >= '3.5'",
            "version": "==0.1.4"
        },
        "eth-typing": {
            "hashes": [
                "sha256:3b4744c9026e44f3234aae48d3d18062760efc0f755f663f723a12214f127dfc",
                "sha256:77da8a1f2f91f248cc42493f3dea3245f23a48224a513c4fd05f48b778dafb1a"
            ],
            "markers": "python_version < '4' and python_version >= '3.5'",
            "version": "==1.3.0"
        },
        "eth-utils": {
            "hashes": [
                "sha256:38180fef9f11391255cecfd7dd2e9bf3ad73bb2d3390e480fe95ada443bcb1af",
                "sha256:8317a09d5f58b39473889e3a90e6fde562ba1cb6d2925c89fdffebe2e52a18dd"
            ],
            "index": "pypi",
            "version": "==1.2.0"
        },
        "pycrypto": {
            "hashes": [
                "sha256:f2ce1e989b272cfcb677616763e0a2e7ec659effa67a88aa92b3a65528f60a3c"
            ],
            "index": "pypi",
            "version": "==2.6.1"
        },
        "pycryptodome": {
            "hashes": [
                "sha256:0f027d5da3f3c4c0167f3ccf4a1f56674248120656099df35098dfaf3edff0fb",
                "sha256:1e970715407a862b6b4c61f1a8c60734c0fa39f45d36dda46dbd0baf2d8caec2",
                "sha256:2652a86850d7873249c64365a61e1052934f1504f11b57dbe76c1a4dc9b5d593",
                "sha256:26953969934e09d49b2e370229ef262dd480b46130660086b22fea29df335dea",
                "sha256:31d2f9fa32fd651694dbae298682c1afa2337fa6454b32b241164c2ffe96e1c1",
                "sha256:53cd63d379224ea52d8ba2012fe8acf9eb682aa819c3a9a02397fe3e6b4315a4",
                "sha256:637bfc8bfb68d477619c54b56d912117abca05306a222ccf03dfc09ab6b4e5a4",
                "sha256:6b8a3753e31b058d48bdd26c50c049a04f35f0f05c0d866c63fc90fc9b8dc5d7",
                "sha256:7bd1c4671b3a2c8d647731e9c34115efa928ff12d0ef1bef68f0f7af984bc239",
                "sha256:7cb057b700d688bb37082b0086d061462dde18c1fbbe355615db87f3bf97ffa4",
                "sha256:7d7e07e885cee42b222ab190ea292f144aaf6e915ea3d1bf9e2f812fc2ad9f18",
                "sha256:80c55dd2246a17b4af18bd615711b90c8df4b780451692f627a38a636d0792ae",
                "sha256:864249afa1d801c7a2abb3fbed0e9e8ce4844a8f68daff8028a40634f69f0135",
                "sha256:927ce443c5183ee7738ce113ecf656842fafbad1d6f4ab726dc12abc8adabfad",
                "sha256:9dd8fb9d76fde52c01dcc6d24dc384ddb60ff6fb96216a58017dacc5580600e3",
                "sha256:abd859f70a9cad653644b0415adfe6223f708093296747970ec56a8f5537bfb3",
                "sha256:b3cb4af317d9b84f6df50f0cfa6840ba69556af637a83fd971537823e13d601a",
                "sha256:b4c5d98eb9608bf29b66504dba96494a9fac75b3c0c57dfb557f6e812989a3fe",
                "sha256:bc130342d9b6267efaa97ea305b9a46f59c097e95263a6d65abc7890331535e7",
                "sha256:c26f706a8b8e1e44076126bfe0319b7eb9038350d5b6ff55c86b2edb434b3e52",
                "sha256:c58539996e2acdb6c5554851cd1b333af889a6aadeb9865127e4bbc17d01ff53",
                "sha256:c899042914a780abfc01250d22f5674f60195b8149f161a6481b6f6b7aa81dee",
                "sha256:d0468c5c9944859c862d81621985d407097c08c0e18bb537883b9268c6e34bd1",
                "sha256:dfa339c6ef6a1f36642db0dd0d442207aa2a071caa122d744222f2a2832c530f",
                "sha256:e23b2e13580a4e2d35f7acba674b2b1d1fca9b20a5c0d8ffb98b8fe58c2e7107",
                "sha256:e4406a5141d6d5d19ee515ff6c69baf9a7a10006a8490e7447cbc8dcf61f9903",
                "sha256:ef50df5404b50109a13e46f4421ffe64a650104e2216e282a49662712b024dae",
                "sha256:f459395378709b7aa32bb6e59d55d72d48631840ed6c1c919f63036bd548f375",
                "sha256:fa99a0bcadef482300f5308bb9c0041d4f084b085dff0c908350de382df9f87d",
                "sha256:fbd0def77da8edd5293e5e3b534763861e1c3f4f645ef3602f718fd709536a77"
            ],
            "index": "pypi",
            "version": "==3.6.6"
        },
        "rlp": {
            "hashes": [
                "sha256:040fb5172fa23d27953a886c40cac989fc031d0629db934b5a9edcd2fb28df1e",
                "sha256:43d8e660fd1d4d8ba31a15edc36116a32d49d68fbb332aad9cd8253bdca06d46"
            ],
            "index": "pypi",
            "version": "==1.0.2"
        },
        "toolz": {
            "hashes": [
                "sha256:929f0a7ea7f61c178bd951bdae93920515d3fbdbafc8e6caf82d752b9b3b31c9"
            ],
            "version": "==0.9.0"
        }
    },
    "develop": {}
}
